
Microsoft Visual Studio Solution File, Format Version 12.00
# Visual Studio 15
VisualStudioVersion = 15.0.27428.2015
MinimumVisualStudioVersion = 10.0.40219.1
Project("{FAE04EC0-301F-11D3-BF4B-00C04F79EFBC}") = "Class05", "Class05\Class05.csproj", "{42CBC5F0-54DE-4091-B8F4-38E2505ED119}"
EndProject
Global
	GlobalSection(SolutionConfigurationPlatforms) = preSolution
		Debug|Any CPU = Debug|Any CPU
		Release|Any CPU = Release|Any CPU
	EndGlobalSection
	GlobalSection(ProjectConfigurationPlatforms) = postSolution
		{42CBC5F0-54DE-4091-B8F4-38E2505ED119}.Debug|Any CPU.ActiveCfg = Debug|Any CPU
		{42CBC5F0-54DE-4091-B8F4-38E2505ED119}.Debug|Any CPU.Build.0 = Debug|Any CPU
		{42CBC5F0-54DE-4091-B8F4-38E2505ED119}.Release|Any CPU.ActiveCfg = Release|Any CPU
		{42CBC5F0-54DE-4091-B8F4-38E2505ED119}.Release|Any CPU.Build.0 = Release|Any CPU
	EndGlobalSection
	GlobalSection(SolutionProperties) = preSolution
		HideSolutionNode = FALSE
	EndGlobalSection
	GlobalSection(ExtensibilityGlobals) = postSolution
		SolutionGuid = {E3AC94A2-5744-4816-9CC4-9D278DA663BF}
	EndGlobalSection
EndGlobal
