
Microsoft Visual Studio Solution File, Format Version 12.00
# Visual Studio 15
VisualStudioVersion = 15.0.27428.2015
MinimumVisualStudioVersion = 10.0.40219.1
Project("{FAE04EC0-301F-11D3-BF4B-00C04F79EFBC}") = "Class07", "Class07\Class07.csproj", "{FC0096C2-D623-4F8D-89FC-22DFBD4677CD}"
EndProject
Global
	GlobalSection(SolutionConfigurationPlatforms) = preSolution
		Debug|Any CPU = Debug|Any CPU
		Release|Any CPU = Release|Any CPU
	EndGlobalSection
	GlobalSection(ProjectConfigurationPlatforms) = postSolution
		{FC0096C2-D623-4F8D-89FC-22DFBD4677CD}.Debug|Any CPU.ActiveCfg = Debug|Any CPU
		{FC0096C2-D623-4F8D-89FC-22DFBD4677CD}.Debug|Any CPU.Build.0 = Debug|Any CPU
		{FC0096C2-D623-4F8D-89FC-22DFBD4677CD}.Release|Any CPU.ActiveCfg = Release|Any CPU
		{FC0096C2-D623-4F8D-89FC-22DFBD4677CD}.Release|Any CPU.Build.0 = Release|Any CPU
	EndGlobalSection
	GlobalSection(SolutionProperties) = preSolution
		HideSolutionNode = FALSE
	EndGlobalSection
	GlobalSection(ExtensibilityGlobals) = postSolution
		SolutionGuid = {83D0765D-FD1D-4DF2-964D-212F0056425E}
	EndGlobalSection
EndGlobal
