
Microsoft Visual Studio Solution File, Format Version 12.00
# Visual Studio 15
VisualStudioVersion = 15.0.27428.2015
MinimumVisualStudioVersion = 10.0.40219.1
Project("{FAE04EC0-301F-11D3-BF4B-00C04F79EFBC}") = "Class02", "Class02\Class02.csproj", "{5261F36E-41DD-4776-A2ED-3563D5B8E32A}"
EndProject
Global
	GlobalSection(SolutionConfigurationPlatforms) = preSolution
		Debug|Any CPU = Debug|Any CPU
		Release|Any CPU = Release|Any CPU
	EndGlobalSection
	GlobalSection(ProjectConfigurationPlatforms) = postSolution
		{5261F36E-41DD-4776-A2ED-3563D5B8E32A}.Debug|Any CPU.ActiveCfg = Debug|Any CPU
		{5261F36E-41DD-4776-A2ED-3563D5B8E32A}.Debug|Any CPU.Build.0 = Debug|Any CPU
		{5261F36E-41DD-4776-A2ED-3563D5B8E32A}.Release|Any CPU.ActiveCfg = Release|Any CPU
		{5261F36E-41DD-4776-A2ED-3563D5B8E32A}.Release|Any CPU.Build.0 = Release|Any CPU
	EndGlobalSection
	GlobalSection(SolutionProperties) = preSolution
		HideSolutionNode = FALSE
	EndGlobalSection
	GlobalSection(ExtensibilityGlobals) = postSolution
		SolutionGuid = {50A4B362-8414-4B45-9859-B6E78D731C5A}
	EndGlobalSection
EndGlobal
